// !$*UTF8*$!
{
	archiveVersion = 1;
	classes = {
	};
	objectVersion = 50;
	objects = {

/* Begin PBXBuildFile section */
		48739DD822121B38007F758D /* Forecast.swift in Sources */ = {isa = PBXBuildFile; fileRef = 48739DD722121B38007F758D /* Forecast.swift */; };
		48739DDB22121E14007F758D /* NSDate.swift in Sources */ = {isa = PBXBuildFile; fileRef = 48739DDA22121E14007F758D /* NSDate.swift */; };
		48B914A42211FF8E00F9D8B9 /* CurrentWeather.swift in Sources */ = {isa = PBXBuildFile; fileRef = 48B914A32211FF8E00F9D8B9 /* CurrentWeather.swift */; };
		48EB6AC82211C5D900ED4B73 /* AppDelegate.swift in Sources */ = {isa = PBXBuildFile; fileRef = 48EB6AC72211C5D900ED4B73 /* AppDelegate.swift */; };
		48EB6ACA2211C5D900ED4B73 /* WeatherVC.swift in Sources */ = {isa = PBXBuildFile; fileRef = 48EB6AC92211C5D900ED4B73 /* WeatherVC.swift */; };
		48EB6ACC2211C5DA00ED4B73 /* Assets.xcassets in Resources */ = {isa = PBXBuildFile; fileRef = 48EB6ACB2211C5DA00ED4B73 /* Assets.xcassets */; };
		48EB6ACF2211C5DA00ED4B73 /* Main.storyboard in Resources */ = {isa = PBXBuildFile; fileRef = 48EB6ACD2211C5DA00ED4B73 /* Main.storyboard */; };
		48EB6ADC2211DAD000ED4B73 /* WeatherCell.xib in Resources */ = {isa = PBXBuildFile; fileRef = 48EB6ADB2211DAD000ED4B73 /* WeatherCell.xib */; };
		48EB6ADE2211DAF400ED4B73 /* WeatherCell.swift in Sources */ = {isa = PBXBuildFile; fileRef = 48EB6ADD2211DAF400ED4B73 /* WeatherCell.swift */; };
		48EB6AE12211E3CE00ED4B73 /* Constants.swift in Sources */ = {isa = PBXBuildFile; fileRef = 48EB6AE02211E3CE00ED4B73 /* Constants.swift */; };
		48EB6AE42211E75400ED4B73 /* WeatherService.swift in Sources */ = {isa = PBXBuildFile; fileRef = 48EB6AE32211E75400ED4B73 /* WeatherService.swift */; };
		8E62DD7977C87D613A361D1C /* Pods_Weathered.framework in Frameworks */ = {isa = PBXBuildFile; fileRef = 5F097A5A67AE092F09AD4C80 /* Pods_Weathered.framework */; };
/* End PBXBuildFile section */

/* Begin PBXFileReference section */
		48739DD722121B38007F758D /* Forecast.swift */ = {isa = PBXFileReference; lastKnownFileType = sourcecode.swift; path = Forecast.swift; sourceTree = "<group>"; };
		48739DDA22121E14007F758D /* NSDate.swift */ = {isa = PBXFileReference; lastKnownFileType = sourcecode.swift; path = NSDate.swift; sourceTree = "<group>"; };
		48B914A32211FF8E00F9D8B9 /* CurrentWeather.swift */ = {isa = PBXFileReference; lastKnownFileType = sourcecode.swift; path = CurrentWeather.swift; sourceTree = "<group>"; };
		48EB6AC42211C5D900ED4B73 /* Weathered.app */ = {isa = PBXFileReference; explicitFileType = wrapper.application; includeInIndex = 0; path = Weathered.app; sourceTree = BUILT_PRODUCTS_DIR; };
		48EB6AC72211C5D900ED4B73 /* AppDelegate.swift */ = {isa = PBXFileReference; lastKnownFileType = sourcecode.swift; path = AppDelegate.swift; sourceTree = "<group>"; };
		48EB6AC92211C5D900ED4B73 /* WeatherVC.swift */ = {isa = PBXFileReference; lastKnownFileType = sourcecode.swift; path = WeatherVC.swift; sourceTree = "<group>"; };
		48EB6ACB2211C5DA00ED4B73 /* Assets.xcassets */ = {isa = PBXFileReference; lastKnownFileType = folder.assetcatalog; path = Assets.xcassets; sourceTree = "<group>"; };
		48EB6ACE2211C5DA00ED4B73 /* Base */ = {isa = PBXFileReference; lastKnownFileType = file.storyboard; name = Base; path = Base.lproj/Main.storyboard; sourceTree = "<group>"; };
		48EB6AD02211C5DA00ED4B73 /* Info.plist */ = {isa = PBXFileReference; lastKnownFileType = text.plist.xml; path = Info.plist; sourceTree = "<group>"; };
		48EB6AD12211C5DA00ED4B73 /* Weathered.entitlements */ = {isa = PBXFileReference; lastKnownFileType = text.plist.entitlements; path = Weathered.entitlements; sourceTree = "<group>"; };
		48EB6ADB2211DAD000ED4B73 /* WeatherCell.xib */ = {isa = PBXFileReference; lastKnownFileType = file.xib; path = WeatherCell.xib; sourceTree = "<group>"; };
		48EB6ADD2211DAF400ED4B73 /* WeatherCell.swift */ = {isa = PBXFileReference; lastKnownFileType = sourcecode.swift; path = WeatherCell.swift; sourceTree = "<group>"; };
		48EB6AE02211E3CE00ED4B73 /* Constants.swift */ = {isa = PBXFileReference; lastKnownFileType = sourcecode.swift; path = Constants.swift; sourceTree = "<group>"; };
		48EB6AE32211E75400ED4B73 /* WeatherService.swift */ = {isa = PBXFileReference; lastKnownFileType = sourcecode.swift; path = WeatherService.swift; sourceTree = "<group>"; };
		495E7C16D9385520BB82E0AB /* Pods-Weathered.debug.xcconfig */ = {isa = PBXFileReference; includeInIndex = 1; lastKnownFileType = text.xcconfig; name = "Pods-Weathered.debug.xcconfig"; path = "Target Support Files/Pods-Weathered/Pods-Weathered.debug.xcconfig"; sourceTree = "<group>"; };
		5F097A5A67AE092F09AD4C80 /* Pods_Weathered.framework */ = {isa = PBXFileReference; explicitFileType = wrapper.framework; includeInIndex = 0; path = Pods_Weathered.framework; sourceTree = BUILT_PRODUCTS_DIR; };
		D6E8917169047C585B56A6CF /* Pods-Weathered.release.xcconfig */ = {isa = PBXFileReference; includeInIndex = 1; lastKnownFileType = text.xcconfig; name = "Pods-Weathered.release.xcconfig"; path = "Target Support Files/Pods-Weathered/Pods-Weathered.release.xcconfig"; sourceTree = "<group>"; };
/* End PBXFileReference section */

/* Begin PBXFrameworksBuildPhase section */
		48EB6AC12211C5D900ED4B73 /* Frameworks */ = {
			isa = PBXFrameworksBuildPhase;
			buildActionMask = 2147483647;
			files = (
				8E62DD7977C87D613A361D1C /* Pods_Weathered.framework in Frameworks */,
			);
			runOnlyForDeploymentPostprocessing = 0;
		};
/* End PBXFrameworksBuildPhase section */

/* Begin PBXGroup section */
		48739DD922121DFD007F758D /* Extensions */ = {
			isa = PBXGroup;
			children = (
				48739DDA22121E14007F758D /* NSDate.swift */,
			);
			path = Extensions;
			sourceTree = "<group>";
		};
		48EB6ABB2211C5D900ED4B73 = {
			isa = PBXGroup;
			children = (
				48EB6AC62211C5D900ED4B73 /* Weathered */,
				48EB6AC52211C5D900ED4B73 /* Products */,
				BC5DF8D6D38CA516AAD73EC5 /* Pods */,
				D1A0228DCD891DDD87F45BFE /* Frameworks */,
			);
			sourceTree = "<group>";
		};
		48EB6AC52211C5D900ED4B73 /* Products */ = {
			isa = PBXGroup;
			children = (
				48EB6AC42211C5D900ED4B73 /* Weathered.app */,
			);
			name = Products;
			sourceTree = "<group>";
		};
		48EB6AC62211C5D900ED4B73 /* Weathered */ = {
			isa = PBXGroup;
			children = (
				48EB6AE22211E74700ED4B73 /* Services */,
				48EB6ADA2211DA8300ED4B73 /* Model */,
				48EB6AD92211DA7E00ED4B73 /* View */,
				48EB6AD82211DA7800ED4B73 /* Controller */,
				48EB6AD72211DA6E00ED4B73 /* Xibs */,
				48EB6ADF2211E3AF00ED4B73 /* Utilities */,
				48739DD922121DFD007F758D /* Extensions */,
				48EB6AC72211C5D900ED4B73 /* AppDelegate.swift */,
				48EB6ACB2211C5DA00ED4B73 /* Assets.xcassets */,
				48EB6ACD2211C5DA00ED4B73 /* Main.storyboard */,
				48EB6AD02211C5DA00ED4B73 /* Info.plist */,
				48EB6AD12211C5DA00ED4B73 /* Weathered.entitlements */,
			);
			path = Weathered;
			sourceTree = "<group>";
		};
		48EB6AD72211DA6E00ED4B73 /* Xibs */ = {
			isa = PBXGroup;
			children = (
				48EB6ADB2211DAD000ED4B73 /* WeatherCell.xib */,
			);
			path = Xibs;
			sourceTree = "<group>";
		};
		48EB6AD82211DA7800ED4B73 /* Controller */ = {
			isa = PBXGroup;
			children = (
				48EB6AC92211C5D900ED4B73 /* WeatherVC.swift */,
			);
			path = Controller;
			sourceTree = "<group>";
		};
		48EB6AD92211DA7E00ED4B73 /* View */ = {
			isa = PBXGroup;
			children = (
				48EB6ADD2211DAF400ED4B73 /* WeatherCell.swift */,
			);
			path = View;
			sourceTree = "<group>";
		};
		48EB6ADA2211DA8300ED4B73 /* Model */ = {
			isa = PBXGroup;
			children = (
				48B914A32211FF8E00F9D8B9 /* CurrentWeather.swift */,
				48739DD722121B38007F758D /* Forecast.swift */,
			);
			path = Model;
			sourceTree = "<group>";
		};
		48EB6ADF2211E3AF00ED4B73 /* Utilities */ = {
			isa = PBXGroup;
			children = (
				48EB6AE02211E3CE00ED4B73 /* Constants.swift */,
			);
			path = Utilities;
			sourceTree = "<group>";
		};
		48EB6AE22211E74700ED4B73 /* Services */ = {
			isa = PBXGroup;
			children = (
				48EB6AE32211E75400ED4B73 /* WeatherService.swift */,
			);
			path = Services;
			sourceTree = "<group>";
		};
		BC5DF8D6D38CA516AAD73EC5 /* Pods */ = {
			isa = PBXGroup;
			children = (
				495E7C16D9385520BB82E0AB /* Pods-Weathered.debug.xcconfig */,
				D6E8917169047C585B56A6CF /* Pods-Weathered.release.xcconfig */,
			);
			path = Pods;
			sourceTree = "<group>";
		};
		D1A0228DCD891DDD87F45BFE /* Frameworks */ = {
			isa = PBXGroup;
			children = (
				5F097A5A67AE092F09AD4C80 /* Pods_Weathered.framework */,
			);
			name = Frameworks;
			sourceTree = "<group>";
		};
/* End PBXGroup section */

/* Begin PBXNativeTarget section */
		48EB6AC32211C5D900ED4B73 /* Weathered */ = {
			isa = PBXNativeTarget;
			buildConfigurationList = 48EB6AD42211C5DA00ED4B73 /* Build configuration list for PBXNativeTarget "Weathered" */;
			buildPhases = (
				BAC55F6C2BF1B17ECA42F1A2 /* [CP] Check Pods Manifest.lock */,
				48EB6AC02211C5D900ED4B73 /* Sources */,
				48EB6AC12211C5D900ED4B73 /* Frameworks */,
				48EB6AC22211C5D900ED4B73 /* Resources */,
				49BD476192C15EDA9BE4F4FD /* [CP] Embed Pods Frameworks */,
			);
			buildRules = (
			);
			dependencies = (
			);
			name = Weathered;
			productName = Weathered;
			productReference = 48EB6AC42211C5D900ED4B73 /* Weathered.app */;
			productType = "com.apple.product-type.application";
		};
/* End PBXNativeTarget section */

/* Begin PBXProject section */
		48EB6ABC2211C5D900ED4B73 /* Project object */ = {
			isa = PBXProject;
			attributes = {
				LastSwiftUpdateCheck = 1010;
				LastUpgradeCheck = 1010;
				ORGANIZATIONNAME = "Fred Lefevre";
				TargetAttributes = {
					48EB6AC32211C5D900ED4B73 = {
						CreatedOnToolsVersion = 10.1;
					};
				};
			};
			buildConfigurationList = 48EB6ABF2211C5D900ED4B73 /* Build configuration list for PBXProject "Weathered" */;
			compatibilityVersion = "Xcode 9.3";
			developmentRegion = en;
			hasScannedForEncodings = 0;
			knownRegions = (
				en,
				Base,
			);
			mainGroup = 48EB6ABB2211C5D900ED4B73;
			productRefGroup = 48EB6AC52211C5D900ED4B73 /* Products */;
			projectDirPath = "";
			projectRoot = "";
			targets = (
				48EB6AC32211C5D900ED4B73 /* Weathered */,
			);
		};
/* End PBXProject section */

/* Begin PBXResourcesBuildPhase section */
		48EB6AC22211C5D900ED4B73 /* Resources */ = {
			isa = PBXResourcesBuildPhase;
			buildActionMask = 2147483647;
			files = (
				48EB6ACC2211C5DA00ED4B73 /* Assets.xcassets in Resources */,
				48EB6ACF2211C5DA00ED4B73 /* Main.storyboard in Resources */,
				48EB6ADC2211DAD000ED4B73 /* WeatherCell.xib in Resources */,
			);
			runOnlyForDeploymentPostprocessing = 0;
		};
/* End PBXResourcesBuildPhase section */

/* Begin PBXShellScriptBuildPhase section */
		49BD476192C15EDA9BE4F4FD /* [CP] Embed Pods Frameworks */ = {
			isa = PBXShellScriptBuildPhase;
			buildActionMask = 2147483647;
			files = (
			);
			inputFileListPaths = (
			);
			inputPaths = (
				"${PODS_ROOT}/Target Support Files/Pods-Weathered/Pods-Weathered-frameworks.sh",
				"${BUILT_PRODUCTS_DIR}/Alamofire/Alamofire.framework",
				"${BUILT_PRODUCTS_DIR}/SwiftyJSON/SwiftyJSON.framework",
			);
			name = "[CP] Embed Pods Frameworks";
			outputFileListPaths = (
			);
			outputPaths = (
				"${TARGET_BUILD_DIR}/${FRAMEWORKS_FOLDER_PATH}/Alamofire.framework",
				"${TARGET_BUILD_DIR}/${FRAMEWORKS_FOLDER_PATH}/SwiftyJSON.framework",
			);
			runOnlyForDeploymentPostprocessing = 0;
			shellPath = /bin/sh;
			shellScript = "\"${PODS_ROOT}/Target Support Files/Pods-Weathered/Pods-Weathered-frameworks.sh\"\n";
			showEnvVarsInLog = 0;
		};
		BAC55F6C2BF1B17ECA42F1A2 /* [CP] Check Pods Manifest.lock */ = {
			isa = PBXShellScriptBuildPhase;
			buildActionMask = 2147483647;
			files = (
			);
			inputFileListPaths = (
			);
			inputPaths = (
				"${PODS_PODFILE_DIR_PATH}/Podfile.lock",
				"${PODS_ROOT}/Manifest.lock",
			);
			name = "[CP] Check Pods Manifest.lock";
			outputFileListPaths = (
			);
			outputPaths = (
				"$(DERIVED_FILE_DIR)/Pods-Weathered-checkManifestLockResult.txt",
			);
			runOnlyForDeploymentPostprocessing = 0;
			shellPath = /bin/sh;
			shellScript = "diff \"${PODS_PODFILE_DIR_PATH}/Podfile.lock\" \"${PODS_ROOT}/Manifest.lock\" > /dev/null\nif [ $? != 0 ] ; then\n    # print error to STDERR\n    echo \"error: The sandbox is not in sync with the Podfile.lock. Run 'pod install' or update your CocoaPods installation.\" >&2\n    exit 1\nfi\n# This output is used by Xcode 'outputs' to avoid re-running this script phase.\necho \"SUCCESS\" > \"${SCRIPT_OUTPUT_FILE_0}\"\n";
			showEnvVarsInLog = 0;
		};
/* End PBXShellScriptBuildPhase section */

/* Begin PBXSourcesBuildPhase section */
		48EB6AC02211C5D900ED4B73 /* Sources */ = {
			isa = PBXSourcesBuildPhase;
			buildActionMask = 2147483647;
			files = (
				48EB6AE42211E75400ED4B73 /* WeatherService.swift in Sources */,
				48EB6ACA2211C5D900ED4B73 /* WeatherVC.swift in Sources */,
				48739DD822121B38007F758D /* Forecast.swift in Sources */,
				48EB6AC82211C5D900ED4B73 /* AppDelegate.swift in Sources */,
				48EB6ADE2211DAF400ED4B73 /* WeatherCell.swift in Sources */,
				48B914A42211FF8E00F9D8B9 /* CurrentWeather.swift in Sources */,
				48739DDB22121E14007F758D /* NSDate.swift in Sources */,
				48EB6AE12211E3CE00ED4B73 /* Constants.swift in Sources */,
			);
			runOnlyForDeploymentPostprocessing = 0;
		};
/* End PBXSourcesBuildPhase section */

/* Begin PBXVariantGroup section */
		48EB6ACD2211C5DA00ED4B73 /* Main.storyboard */ = {
			isa = PBXVariantGroup;
			children = (
				48EB6ACE2211C5DA00ED4B73 /* Base */,
			);
			name = Main.storyboard;
			sourceTree = "<group>";
		};
/* End PBXVariantGroup section */

/* Begin XCBuildConfiguration section */
		48EB6AD22211C5DA00ED4B73 /* Debug */ = {
			isa = XCBuildConfiguration;
			buildSettings = {
				ALWAYS_SEARCH_USER_PATHS = NO;
				CLANG_ANALYZER_NONNULL = YES;
				CLANG_ANALYZER_NUMBER_OBJECT_CONVERSION = YES_AGGRESSIVE;
				CLANG_CXX_LANGUAGE_STANDARD = "gnu++14";
				CLANG_CXX_LIBRARY = "libc++";
				CLANG_ENABLE_MODULES = YES;
				CLANG_ENABLE_OBJC_ARC = YES;
				CLANG_ENABLE_OBJC_WEAK = YES;
				CLANG_WARN_BLOCK_CAPTURE_AUTORELEASING = YES;
				CLANG_WARN_BOOL_CONVERSION = YES;
				CLANG_WARN_COMMA = YES;
				CLANG_WARN_CONSTANT_CONVERSION = YES;
				CLANG_WARN_DEPRECATED_OBJC_IMPLEMENTATIONS = YES;
				CLANG_WARN_DIRECT_OBJC_ISA_USAGE = YES_ERROR;
				CLANG_WARN_DOCUMENTATION_COMMENTS = YES;
				CLANG_WARN_EMPTY_BODY = YES;
				CLANG_WARN_ENUM_CONVERSION = YES;
				CLANG_WARN_INFINITE_RECURSION = YES;
				CLANG_WARN_INT_CONVERSION = YES;
				CLANG_WARN_NON_LITERAL_NULL_CONVERSION = YES;
				CLANG_WARN_OBJC_IMPLICIT_RETAIN_SELF = YES;
				CLANG_WARN_OBJC_LITERAL_CONVERSION = YES;
				CLANG_WARN_OBJC_ROOT_CLASS = YES_ERROR;
				CLANG_WARN_RANGE_LOOP_ANALYSIS = YES;
				CLANG_WARN_STRICT_PROTOTYPES = YES;
				CLANG_WARN_SUSPICIOUS_MOVE = YES;
				CLANG_WARN_UNGUARDED_AVAILABILITY = YES_AGGRESSIVE;
				CLANG_WARN_UNREACHABLE_CODE = YES;
				CLANG_WARN__DUPLICATE_METHOD_MATCH = YES;
				CODE_SIGN_IDENTITY = "Mac Developer";
				COPY_PHASE_STRIP = NO;
				DEBUG_INFORMATION_FORMAT = dwarf;
				ENABLE_STRICT_OBJC_MSGSEND = YES;
				ENABLE_TESTABILITY = YES;
				GCC_C_LANGUAGE_STANDARD = gnu11;
				GCC_DYNAMIC_NO_PIC = NO;
				GCC_NO_COMMON_BLOCKS = YES;
				GCC_OPTIMIZATION_LEVEL = 0;
				GCC_PREPROCESSOR_DEFINITIONS = (
					"DEBUG=1",
					"$(inherited)",
				);
				GCC_WARN_64_TO_32_BIT_CONVERSION = YES;
				GCC_WARN_ABOUT_RETURN_TYPE = YES_ERROR;
				GCC_WARN_UNDECLARED_SELECTOR = YES;
				GCC_WARN_UNINITIALIZED_AUTOS = YES_AGGRESSIVE;
				GCC_WARN_UNUSED_FUNCTION = YES;
				GCC_WARN_UNUSED_VARIABLE = YES;
				MACOSX_DEPLOYMENT_TARGET = 10.14;
				MTL_ENABLE_DEBUG_INFO = INCLUDE_SOURCE;
				MTL_FAST_MATH = YES;
				ONLY_ACTIVE_ARCH = YES;
				SDKROOT = macosx;
				SWIFT_ACTIVE_COMPILATION_CONDITIONS = DEBUG;
				SWIFT_OPTIMIZATION_LEVEL = "-Onone";
			};
			name = Debug;
		};
		48EB6AD32211C5DA00ED4B73 /* Release */ = {
			isa = XCBuildConfiguration;
			buildSettings = {
				ALWAYS_SEARCH_USER_PATHS = NO;
				CLANG_ANALYZER_NONNULL = YES;
				CLANG_ANALYZER_NUMBER_OBJECT_CONVERSION = YES_AGGRESSIVE;
				CLANG_CXX_LANGUAGE_STANDARD = "gnu++14";
				CLANG_CXX_LIBRARY = "libc++";
				CLANG_ENABLE_MODULES = YES;
				CLANG_ENABLE_OBJC_ARC = YES;
				CLANG_ENABLE_OBJC_WEAK = YES;
				CLANG_WARN_BLOCK_CAPTURE_AUTORELEASING = YES;
				CLANG_WARN_BOOL_CONVERSION = YES;
				CLANG_WARN_COMMA = YES;
				CLANG_WARN_CONSTANT_CONVERSION = YES;
				CLANG_WARN_DEPRECATED_OBJC_IMPLEMENTATIONS = YES;
				CLANG_WARN_DIRECT_OBJC_ISA_USAGE = YES_ERROR;
				CLANG_WARN_DOCUMENTATION_COMMENTS = YES;
				CLANG_WARN_EMPTY_BODY = YES;
				CLANG_WARN_ENUM_CONVERSION = YES;
				CLANG_WARN_INFINITE_RECURSION = YES;
				CLANG_WARN_INT_CONVERSION = YES;
				CLANG_WARN_NON_LITERAL_NULL_CONVERSION = YES;
				CLANG_WARN_OBJC_IMPLICIT_RETAIN_SELF = YES;
				CLANG_WARN_OBJC_LITERAL_CONVERSION = YES;
				CLANG_WARN_OBJC_ROOT_CLASS = YES_ERROR;
				CLANG_WARN_RANGE_LOOP_ANALYSIS = YES;
				CLANG_WARN_STRICT_PROTOTYPES = YES;
				CLANG_WARN_SUSPICIOUS_MOVE = YES;
				CLANG_WARN_UNGUARDED_AVAILABILITY = YES_AGGRESSIVE;
				CLANG_WARN_UNREACHABLE_CODE = YES;
				CLANG_WARN__DUPLICATE_METHOD_MATCH = YES;
				CODE_SIGN_IDENTITY = "Mac Developer";
				COPY_PHASE_STRIP = NO;
				DEBUG_INFORMATION_FORMAT = "dwarf-with-dsym";
				ENABLE_NS_ASSERTIONS = NO;
				ENABLE_STRICT_OBJC_MSGSEND = YES;
				GCC_C_LANGUAGE_STANDARD = gnu11;
				GCC_NO_COMMON_BLOCKS = YES;
				GCC_WARN_64_TO_32_BIT_CONVERSION = YES;
				GCC_WARN_ABOUT_RETURN_TYPE = YES_ERROR;
				GCC_WARN_UNDECLARED_SELECTOR = YES;
				GCC_WARN_UNINITIALIZED_AUTOS = YES_AGGRESSIVE;
				GCC_WARN_UNUSED_FUNCTION = YES;
				GCC_WARN_UNUSED_VARIABLE = YES;
				MACOSX_DEPLOYMENT_TARGET = 10.14;
				MTL_ENABLE_DEBUG_INFO = NO;
				MTL_FAST_MATH = YES;
				SDKROOT = macosx;
				SWIFT_COMPILATION_MODE = wholemodule;
				SWIFT_OPTIMIZATION_LEVEL = "-O";
			};
			name = Release;
		};
		48EB6AD52211C5DA00ED4B73 /* Debug */ = {
			isa = XCBuildConfiguration;
			baseConfigurationReference = 495E7C16D9385520BB82E0AB /* Pods-Weathered.debug.xcconfig */;
			buildSettings = {
				ASSETCATALOG_COMPILER_APPICON_NAME = AppIcon;
				CODE_SIGN_ENTITLEMENTS = Weathered/Weathered.entitlements;
				CODE_SIGN_STYLE = Automatic;
				COMBINE_HIDPI_IMAGES = YES;
				DEVELOPMENT_TEAM = R6V3TXD99T;
				INFOPLIST_FILE = Weathered/Info.plist;
				LD_RUNPATH_SEARCH_PATHS = (
					"$(inherited)",
					"@executable_path/../Frameworks",
				);
				PRODUCT_BUNDLE_IDENTIFIER = com.fredlefevre.Weathered;
				PRODUCT_NAME = "$(TARGET_NAME)";
				SWIFT_VERSION = 4.2;
			};
			name = Debug;
		};
		48EB6AD62211C5DA00ED4B73 /* Release */ = {
			isa = XCBuildConfiguration;
			baseConfigurationReference = D6E8917169047C585B56A6CF /* Pods-Weathered.release.xcconfig */;
			buildSettings = {
				ASSETCATALOG_COMPILER_APPICON_NAME = AppIcon;
				CODE_SIGN_ENTITLEMENTS = Weathered/Weathered.entitlements;
				CODE_SIGN_STYLE = Automatic;
				COMBINE_HIDPI_IMAGES = YES;
				DEVELOPMENT_TEAM = R6V3TXD99T;
				INFOPLIST_FILE = Weathered/Info.plist;
				LD_RUNPATH_SEARCH_PATHS = (
					"$(inherited)",
					"@executable_path/../Frameworks",
				);
				PRODUCT_BUNDLE_IDENTIFIER = com.fredlefevre.Weathered;
				PRODUCT_NAME = "$(TARGET_NAME)";
				SWIFT_VERSION = 4.2;
			};
			name = Release;
		};
/* End XCBuildConfiguration section */

/* Begin XCConfigurationList section */
		48EB6ABF2211C5D900ED4B73 /* Build configuration list for PBXProject "Weathered" */ = {
			isa = XCConfigurationList;
			buildConfigurations = (
				48EB6AD22211C5DA00ED4B73 /* Debug */,
				48EB6AD32211C5DA00ED4B73 /* Release */,
			);
			defaultConfigurationIsVisible = 0;
			defaultConfigurationName = Release;
		};
		48EB6AD42211C5DA00ED4B73 /* Build configuration list for PBXNativeTarget "Weathered" */ = {
			isa = XCConfigurationList;
			buildConfigurations = (
				48EB6AD52211C5DA00ED4B73 /* Debug */,
				48EB6AD62211C5DA00ED4B73 /* Release */,
			);
			defaultConfigurationIsVisible = 0;
			defaultConfigurationName = Release;
		};
/* End XCConfigurationList section */
	};
	rootObject = 48EB6ABC2211C5D900ED4B73 /* Project object */;
}
